
Microsoft Visual Studio Solution File, Format Version 12.00
# Visual Studio Version 16
VisualStudioVersion = 16.0.32126.315
MinimumVisualStudioVersion = 10.0.40219.1
Project("{FAE04EC0-301F-11D3-BF4B-00C04F79EFBC}") = "Genric", "Genric\Genric.csproj", "{C267A6D2-338A-4D60-8D65-1B1F621370EB}"
EndProject
Global
	GlobalSection(SolutionConfigurationPlatforms) = preSolution
		Debug|Any CPU = Debug|Any CPU
		Release|Any CPU = Release|Any CPU
	EndGlobalSection
	GlobalSection(ProjectConfigurationPlatforms) = postSolution
		{C267A6D2-338A-4D60-8D65-1B1F621370EB}.Debug|Any CPU.ActiveCfg = Debug|Any CPU
		{C267A6D2-338A-4D60-8D65-1B1F621370EB}.Debug|Any CPU.Build.0 = Debug|Any CPU
		{C267A6D2-338A-4D60-8D65-1B1F621370EB}.Release|Any CPU.ActiveCfg = Release|Any CPU
		{C267A6D2-338A-4D60-8D65-1B1F621370EB}.Release|Any CPU.Build.0 = Release|Any CPU
	EndGlobalSection
	GlobalSection(SolutionProperties) = preSolution
		HideSolutionNode = FALSE
	EndGlobalSection
	GlobalSection(ExtensibilityGlobals) = postSolution
		SolutionGuid = {953CD5E6-A905-4CD1-859D-58FB8A5E5A5E}
	EndGlobalSection
EndGlobal
